<?xml version="1.0" encoding="utf-8"?>
<Project ToolsVersion="4.0" xmlns="http://schemas.microsoft.com/developer/msbuild/2003">
  <ItemGroup>
    <Filter Include="res">
    </Filter>
    <Filter Include="src">
    </Filter>
    <Filter Include="src\UI">
      <UniqueIdentifier>{0fb2e124-ab45-4501-b9dc-717a903604d6}</UniqueIdentifier>
    </Filter>
  </ItemGroup>
  <ItemGroup>
    <None Include="game.config" />
    <None Include="icon.png" />
    <None Include="bar-descriptor.xml" />
    <None Include="res\box.dae">
      <Filter>res</Filter>
    </None>
    <None Include="res\box.gpb">
      <Filter>res</Filter>
    </None>
    <None Include="res\box.material">
      <Filter>res</Filter>
    </None>
    <None Include="res\colored.frag">
      <Filter>res</Filter>
    </None>
    <None Include="res\colored.vert">
      <Filter>res</Filter>
    </None>
    <None Include="MazeBall.props" />
  </ItemGroup>
  <ItemGroup>
    <ClInclude Include="src\MazeBallMain.h">
      <Filter>src</Filter>
    </ClInclude>
    <ClInclude Include="src\LeapManager.h">
      <Filter>src</Filter>
    </ClInclude>
    <ClInclude Include="src\LeapOverlay.h">
      <Filter>src\UI</Filter>
    </ClInclude>
    <ClInclude Include="src\MainMenu.h">
      <Filter>src\UI</Filter>
    </ClInclude>
  </ItemGroup>
  <ItemGroup>
    <ClCompile Include="src\MazeBallMain.cpp">
      <Filter>src</Filter>
    </ClCompile>
    <ClCompile Include="src\LeapManager.cpp">
      <Filter>src</Filter>
    </ClCompile>
    <ClCompile Include="src\LeapOverlay.cpp">
      <Filter>src\UI</Filter>
    </ClCompile>
    <ClCompile Include="src\MainMenu.cpp">
      <Filter>src\UI</Filter>
    </ClCompile>
  </ItemGroup>
</Project>